
Microsoft Visual Studio Solution File, Format Version 12.00
Project("{FAE04EC0-301F-11D3-BF4B-00C04F79EFBC}") = "TravellerCreator", "TravellerCreator\TravellerCreator.csproj", "{2D36E10F-5FB8-45B6-9426-F6ECD03C6B40}"
EndProject
Project("{FAE04EC0-301F-11D3-BF4B-00C04F79EFBC}") = "SectorCreator.API", "SectorCreator.API\SectorCreator.API.csproj", "{A2FA82E7-693D-4D3D-B07D-CBE708B00315}"
EndProject
Project("{FAE04EC0-301F-11D3-BF4B-00C04F79EFBC}") = "SectorCreator.Models", "SectorCreator.Models\SectorCreator.Models.csproj", "{A7041C29-5E3D-40D9-9752-CE53FCB88C7E}"
EndProject
Project("{FAE04EC0-301F-11D3-BF4B-00C04F79EFBC}") = "SectorCreator.Global", "SectorCreator.Global\SectorCreator.Global.csproj", "{A26718B5-72A9-45FD-A787-7A2615AE2A7C}"
EndProject
Project("{FAE04EC0-301F-11D3-BF4B-00C04F79EFBC}") = "SectorCreator.Models.Tests", "SectorCreator.Models.Tests\SectorCreator.Models.Tests.csproj", "{BAF61E01-99E4-4A9F-AC38-F25944860387}"
EndProject
Project("{FAE04EC0-301F-11D3-BF4B-00C04F79EFBC}") = "SectorCreator.Global.Tests", "SectorCreator.Global.Tests\SectorCreator.Global.Tests.csproj", "{732E6339-A6F1-4BED-A7D2-8701C5C641F0}"
EndProject
Project("{FAE04EC0-301F-11D3-BF4B-00C04F79EFBC}") = "SectorCreator.BL", "SectorCreator.BL\SectorCreator.BL.csproj", "{D0BDF537-BB9B-49AE-A3D6-96F0FEBDF3A6}"
EndProject
Global
	GlobalSection(SolutionConfigurationPlatforms) = preSolution
		Debug|Any CPU = Debug|Any CPU
		Release|Any CPU = Release|Any CPU
	EndGlobalSection
	GlobalSection(ProjectConfigurationPlatforms) = postSolution
		{2D36E10F-5FB8-45B6-9426-F6ECD03C6B40}.Debug|Any CPU.ActiveCfg = Debug|Any CPU
		{2D36E10F-5FB8-45B6-9426-F6ECD03C6B40}.Debug|Any CPU.Build.0 = Debug|Any CPU
		{2D36E10F-5FB8-45B6-9426-F6ECD03C6B40}.Release|Any CPU.ActiveCfg = Release|Any CPU
		{2D36E10F-5FB8-45B6-9426-F6ECD03C6B40}.Release|Any CPU.Build.0 = Release|Any CPU
		{A2FA82E7-693D-4D3D-B07D-CBE708B00315}.Debug|Any CPU.ActiveCfg = Debug|Any CPU
		{A2FA82E7-693D-4D3D-B07D-CBE708B00315}.Debug|Any CPU.Build.0 = Debug|Any CPU
		{A2FA82E7-693D-4D3D-B07D-CBE708B00315}.Release|Any CPU.ActiveCfg = Release|Any CPU
		{A2FA82E7-693D-4D3D-B07D-CBE708B00315}.Release|Any CPU.Build.0 = Release|Any CPU
		{A7041C29-5E3D-40D9-9752-CE53FCB88C7E}.Debug|Any CPU.ActiveCfg = Debug|Any CPU
		{A7041C29-5E3D-40D9-9752-CE53FCB88C7E}.Debug|Any CPU.Build.0 = Debug|Any CPU
		{A7041C29-5E3D-40D9-9752-CE53FCB88C7E}.Release|Any CPU.ActiveCfg = Release|Any CPU
		{A7041C29-5E3D-40D9-9752-CE53FCB88C7E}.Release|Any CPU.Build.0 = Release|Any CPU
		{A26718B5-72A9-45FD-A787-7A2615AE2A7C}.Debug|Any CPU.ActiveCfg = Debug|Any CPU
		{A26718B5-72A9-45FD-A787-7A2615AE2A7C}.Debug|Any CPU.Build.0 = Debug|Any CPU
		{A26718B5-72A9-45FD-A787-7A2615AE2A7C}.Release|Any CPU.ActiveCfg = Release|Any CPU
		{A26718B5-72A9-45FD-A787-7A2615AE2A7C}.Release|Any CPU.Build.0 = Release|Any CPU
		{BAF61E01-99E4-4A9F-AC38-F25944860387}.Debug|Any CPU.ActiveCfg = Debug|Any CPU
		{BAF61E01-99E4-4A9F-AC38-F25944860387}.Debug|Any CPU.Build.0 = Debug|Any CPU
		{BAF61E01-99E4-4A9F-AC38-F25944860387}.Release|Any CPU.ActiveCfg = Release|Any CPU
		{BAF61E01-99E4-4A9F-AC38-F25944860387}.Release|Any CPU.Build.0 = Release|Any CPU
		{732E6339-A6F1-4BED-A7D2-8701C5C641F0}.Debug|Any CPU.ActiveCfg = Debug|Any CPU
		{732E6339-A6F1-4BED-A7D2-8701C5C641F0}.Debug|Any CPU.Build.0 = Debug|Any CPU
		{732E6339-A6F1-4BED-A7D2-8701C5C641F0}.Release|Any CPU.ActiveCfg = Release|Any CPU
		{732E6339-A6F1-4BED-A7D2-8701C5C641F0}.Release|Any CPU.Build.0 = Release|Any CPU
		{D0BDF537-BB9B-49AE-A3D6-96F0FEBDF3A6}.Debug|Any CPU.ActiveCfg = Debug|Any CPU
		{D0BDF537-BB9B-49AE-A3D6-96F0FEBDF3A6}.Debug|Any CPU.Build.0 = Debug|Any CPU
		{D0BDF537-BB9B-49AE-A3D6-96F0FEBDF3A6}.Release|Any CPU.ActiveCfg = Release|Any CPU
		{D0BDF537-BB9B-49AE-A3D6-96F0FEBDF3A6}.Release|Any CPU.Build.0 = Release|Any CPU
	EndGlobalSection
EndGlobal
